<?xml version="1.0" encoding="utf-8"?>
<Project ToolsVersion="4.0" xmlns="http://schemas.microsoft.com/developer/msbuild/2003">
  <ItemGroup>
    <Filter Include="소스 파일">
      <UniqueIdentifier>{4FC737F1-C7A5-4376-A066-2A32D752A2FF}</UniqueIdentifier>
      <Extensions>cpp;c;cc;cxx;def;odl;idl;hpj;bat;asm;asmx</Extensions>
    </Filter>
    <Filter Include="헤더 파일">
      <UniqueIdentifier>{93995380-89BD-4b04-88EB-625FBE52EBFB}</UniqueIdentifier>
      <Extensions>h;hh;hpp;hxx;hm;inl;inc;xsd</Extensions>
    </Filter>
    <Filter Include="리소스 파일">
      <UniqueIdentifier>{67DA6AB6-F800-4c08-8B7A-83BB121AAD01}</UniqueIdentifier>
      <Extensions>rc;ico;cur;bmp;dlg;rc2;rct;bin;rgs;gif;jpg;jpeg;jpe;resx;tiff;tif;png;wav;mfcribbon-ms</Extensions>
    </Filter>
    <Filter Include="헤더 파일\Lib">
      <UniqueIdentifier>{4334d00d-ed4e-4388-87ee-51b01ea07a21}</UniqueIdentifier>
    </Filter>
    <Filter Include="소스 파일\View">
      <UniqueIdentifier>{26885217-feef-4016-8ab1-3fc0dbf8ff28}</UniqueIdentifier>
    </Filter>
    <Filter Include="헤더 파일\View">
      <UniqueIdentifier>{62a98858-06a0-4fba-9792-ea17ecaaff00}</UniqueIdentifier>
    </Filter>
  </ItemGroup>
  <ItemGroup>
    <Text Include="ReadMe.txt" />
  </ItemGroup>
  <ItemGroup>
    <ClInclude Include="Gaia.h">
      <Filter>헤더 파일</Filter>
    </ClInclude>
    <ClInclude Include="stdafx.h">
      <Filter>헤더 파일</Filter>
    </ClInclude>
    <ClInclude Include="targetver.h">
      <Filter>헤더 파일</Filter>
    </ClInclude>
    <ClInclude Include="MainFrm.h">
      <Filter>헤더 파일</Filter>
    </ClInclude>
    <ClInclude Include="GaiaDoc.h">
      <Filter>헤더 파일</Filter>
    </ClInclude>
    <ClInclude Include="Resource.h">
      <Filter>헤더 파일</Filter>
    </ClInclude>
    <ClInclude Include="GaiaRepo.h">
      <Filter>헤더 파일\Lib</Filter>
    </ClInclude>
    <ClInclude Include="SingleTon.h">
      <Filter>헤더 파일\Lib</Filter>
    </ClInclude>
    <ClInclude Include="GaiaSplitterWnd.h">
      <Filter>헤더 파일</Filter>
    </ClInclude>
    <ClInclude Include="GaiaObject.h">
      <Filter>헤더 파일</Filter>
    </ClInclude>
    <ClInclude Include="DblBufMaker.h">
      <Filter>헤더 파일</Filter>
    </ClInclude>
    <ClInclude Include="GaiaView.h">
      <Filter>헤더 파일\View</Filter>
    </ClInclude>
    <ClInclude Include="GaiaCView.h">
      <Filter>헤더 파일\View</Filter>
    </ClInclude>
    <ClInclude Include="GaiaSheetView.h">
      <Filter>헤더 파일\View</Filter>
    </ClInclude>
    <ClInclude Include="GaiaMainView.h">
      <Filter>헤더 파일\View</Filter>
    </ClInclude>
    <ClInclude Include="GaiaToolView.h">
      <Filter>헤더 파일\View</Filter>
    </ClInclude>
    <ClInclude Include="GaiaDrawView.h">
      <Filter>헤더 파일\View</Filter>
    </ClInclude>
    <ClInclude Include="GaiaMenuView.h">
      <Filter>헤더 파일\View</Filter>
    </ClInclude>
    <ClInclude Include="MenuElement.h">
      <Filter>헤더 파일</Filter>
    </ClInclude>
    <ClInclude Include="GaiaFrame.h">
      <Filter>헤더 파일</Filter>
    </ClInclude>
    <ClInclude Include="GaiaLLogic.h">
      <Filter>헤더 파일</Filter>
    </ClInclude>
    <ClInclude Include="AndGate.h">
      <Filter>헤더 파일</Filter>
    </ClInclude>
    <ClInclude Include="InputBtn.h">
      <Filter>헤더 파일</Filter>
    </ClInclude>
    <ClInclude Include="SheetElement.h">
      <Filter>헤더 파일</Filter>
    </ClInclude>
  </ItemGroup>
  <ItemGroup>
    <ClCompile Include="Gaia.cpp">
      <Filter>소스 파일</Filter>
    </ClCompile>
    <ClCompile Include="stdafx.cpp">
      <Filter>소스 파일</Filter>
    </ClCompile>
    <ClCompile Include="MainFrm.cpp">
      <Filter>소스 파일</Filter>
    </ClCompile>
    <ClCompile Include="GaiaDoc.cpp">
      <Filter>소스 파일</Filter>
    </ClCompile>
    <ClCompile Include="GaiaSplitterWnd.cpp">
      <Filter>소스 파일</Filter>
    </ClCompile>
    <ClCompile Include="GaiaObject.cpp">
      <Filter>소스 파일</Filter>
    </ClCompile>
    <ClCompile Include="DblBufMaker.cpp">
      <Filter>소스 파일</Filter>
    </ClCompile>
    <ClCompile Include="GaiaView.cpp">
      <Filter>소스 파일\View</Filter>
    </ClCompile>
    <ClCompile Include="GaiaCView.cpp">
      <Filter>소스 파일\View</Filter>
    </ClCompile>
    <ClCompile Include="GaiaMainView.cpp">
      <Filter>소스 파일\View</Filter>
    </ClCompile>
    <ClCompile Include="GaiaSheetView.cpp">
      <Filter>소스 파일\View</Filter>
    </ClCompile>
    <ClCompile Include="GaiaToolView.cpp">
      <Filter>소스 파일\View</Filter>
    </ClCompile>
    <ClCompile Include="GaiaDrawView.cpp">
      <Filter>소스 파일\View</Filter>
    </ClCompile>
    <ClCompile Include="MenuEleMent.cpp">
      <Filter>소스 파일</Filter>
    </ClCompile>
    <ClCompile Include="GaiaMenuView.cpp">
      <Filter>소스 파일\View</Filter>
    </ClCompile>
    <ClCompile Include="GaiaFrame.cpp">
      <Filter>소스 파일</Filter>
    </ClCompile>
    <ClCompile Include="InputBtn.cpp">
      <Filter>소스 파일</Filter>
    </ClCompile>
    <ClCompile Include="SheetElement.cpp">
      <Filter>소스 파일</Filter>
    </ClCompile>
  </ItemGroup>
  <ItemGroup>
    <None Include="Gaia.reg" />
    <None Include="res\Gaia.rc2">
      <Filter>리소스 파일</Filter>
    </None>
  </ItemGroup>
  <ItemGroup>
    <ResourceCompile Include="Gaia.rc">
      <Filter>리소스 파일</Filter>
    </ResourceCompile>
  </ItemGroup>
  <ItemGroup>
    <Image Include="res\GaiaDoc.ico">
      <Filter>리소스 파일</Filter>
    </Image>
    <Image Include="res\Gaia.ico">
      <Filter>리소스 파일</Filter>
    </Image>
    <Image Include="res\icon.bmp">
      <Filter>리소스 파일</Filter>
    </Image>
    <Image Include="res\menu_back.bmp">
      <Filter>리소스 파일</Filter>
    </Image>
    <Image Include="res\menu_edit.bmp">
      <Filter>리소스 파일</Filter>
    </Image>
    <Image Include="res\menu_file.bmp">
      <Filter>리소스 파일</Filter>
    </Image>
    <Image Include="res\menu_look.bmp">
      <Filter>리소스 파일</Filter>
    </Image>
    <Image Include="res\menu_new.bmp">
      <Filter>리소스 파일</Filter>
    </Image>
    <Image Include="res\toolup.bmp">
      <Filter>리소스 파일</Filter>
    </Image>
    <Image Include="res\toolup-after.bmp">
      <Filter>리소스 파일</Filter>
    </Image>
    <Image Include="res\toolup-hover.bmp">
      <Filter>리소스 파일</Filter>
    </Image>
    <Image Include="res\AND.bmp">
      <Filter>리소스 파일</Filter>
    </Image>
    <Image Include="res\AND_90.bmp">
      <Filter>리소스 파일</Filter>
    </Image>
    <Image Include="res\CheckCheck.bmp">
      <Filter>리소스 파일</Filter>
    </Image>
    <Image Include="res\AND_180.bmp">
      <Filter>리소스 파일</Filter>
    </Image>
    <Image Include="res\AND_270.bmp">
      <Filter>리소스 파일</Filter>
    </Image>
  </ItemGroup>
</Project>